PODS:
  - aws_broadcast (0.0.1):
    - Flutter
  - Flutter (1.0.0)

DEPENDENCIES:
  - aws_broadcast (from `.symlinks/plugins/aws_broadcast/ios`)
  - Flutter (from `Flutter`)

EXTERNAL SOURCES:
  aws_broadcast:
    :path: ".symlinks/plugins/aws_broadcast/ios"
  Flutter:
    :path: Flutter

SPEC CHECKSUMS:
  aws_broadcast: 0e991eab4034804aeea046a95d233d6d0a412aee
  Flutter: f04841e97a9d0b0a8025694d0796dd46242b2854

PODFILE CHECKSUM: 8fe29072b156a2bcf63267d34ba7bfe85f4dd009

COCOAPODS: 1.11.3
